
Microsoft Visual Studio Solution File, Format Version 12.00
# Visual Studio Version 16
VisualStudioVersion = 16.0.31410.357
MinimumVisualStudioVersion = 10.0.40219.1
Project("{FAE04EC0-301F-11D3-BF4B-00C04F79EFBC}") = "StudentRecordsBook", "StudentRecordsBook\StudentRecordsBook.csproj", "{01E69EBF-2F82-4268-8EF9-8A4FFBCA6BA1}"
EndProject
Global
	GlobalSection(SolutionConfigurationPlatforms) = preSolution
		Debug|Any CPU = Debug|Any CPU
		Release|Any CPU = Release|Any CPU
	EndGlobalSection
	GlobalSection(ProjectConfigurationPlatforms) = postSolution
		{01E69EBF-2F82-4268-8EF9-8A4FFBCA6BA1}.Debug|Any CPU.ActiveCfg = Debug|Any CPU
		{01E69EBF-2F82-4268-8EF9-8A4FFBCA6BA1}.Debug|Any CPU.Build.0 = Debug|Any CPU
		{01E69EBF-2F82-4268-8EF9-8A4FFBCA6BA1}.Release|Any CPU.ActiveCfg = Release|Any CPU
		{01E69EBF-2F82-4268-8EF9-8A4FFBCA6BA1}.Release|Any CPU.Build.0 = Release|Any CPU
	EndGlobalSection
	GlobalSection(SolutionProperties) = preSolution
		HideSolutionNode = FALSE
	EndGlobalSection
	GlobalSection(ExtensibilityGlobals) = postSolution
		SolutionGuid = {DCFC8A18-7598-4532-85BF-C3C5B2021F5F}
	EndGlobalSection
EndGlobal
